<?xml version="1.0" encoding="utf-8"?>
<Project ToolsVersion="4.0" xmlns="http://schemas.microsoft.com/developer/msbuild/2003">
  <ItemGroup>
    <Filter Include="Source Files">
      <UniqueIdentifier>{4FC737F1-C7A5-4376-A066-2A32D752A2FF}</UniqueIdentifier>
      <Extensions>cpp;c;cc;cxx;def;odl;idl;hpj;bat;asm;asmx</Extensions>
    </Filter>
    <Filter Include="Header Files">
      <UniqueIdentifier>{93995380-89BD-4b04-88EB-625FBE52EBFB}</UniqueIdentifier>
      <Extensions>h;hh;hpp;hxx;hm;inl;inc;xsd</Extensions>
    </Filter>
    <Filter Include="Resource Files">
      <UniqueIdentifier>{67DA6AB6-F800-4c08-8B7A-83BB121AAD01}</UniqueIdentifier>
      <Extensions>rc;ico;cur;bmp;dlg;rc2;rct;bin;rgs;gif;jpg;jpeg;jpe;resx;tiff;tif;png;wav;mfcribbon-ms</Extensions>
    </Filter>
    <Filter Include="rvalue_ref">
      <UniqueIdentifier>{f2ef72df-a103-46ff-9a4d-0e733d00db7a}</UniqueIdentifier>
    </Filter>
    <Filter Include="auto">
      <UniqueIdentifier>{6341b365-6133-459f-accb-c819d081cd08}</UniqueIdentifier>
    </Filter>
    <Filter Include="atomic">
      <UniqueIdentifier>{c6d819fd-1ca3-47f8-bb63-768bd942b208}</UniqueIdentifier>
    </Filter>
    <Filter Include="uniform_init">
      <UniqueIdentifier>{26744590-07e9-4aa2-8e4c-67b644741326}</UniqueIdentifier>
    </Filter>
  </ItemGroup>
  <ItemGroup>
    <Text Include="ReadMe.txt" />
  </ItemGroup>
  <ItemGroup>
    <ClInclude Include="stdafx.h">
      <Filter>Header Files</Filter>
    </ClInclude>
    <ClInclude Include="targetver.h">
      <Filter>Header Files</Filter>
    </ClInclude>
    <ClInclude Include="rvalue_ref\BigObject.h">
      <Filter>rvalue_ref</Filter>
    </ClInclude>
    <ClInclude Include="rvalue_ref\ObjectFactory.h">
      <Filter>rvalue_ref</Filter>
    </ClInclude>
    <ClInclude Include="rvalue_ref\RValueRefFixture.h">
      <Filter>rvalue_ref</Filter>
    </ClInclude>
    <ClInclude Include="auto\AutoFixture.h">
      <Filter>auto</Filter>
    </ClInclude>
    <ClInclude Include="atomic\AtomicFixture.h">
      <Filter>atomic</Filter>
    </ClInclude>
    <ClInclude Include="uniform_init\UniformInitFixture.h">
      <Filter>uniform_init</Filter>
    </ClInclude>
  </ItemGroup>
  <ItemGroup>
    <ClCompile Include="stdafx.cpp">
      <Filter>Source Files</Filter>
    </ClCompile>
    <ClCompile Include="rvalue_ref\BigObject.cpp">
      <Filter>rvalue_ref</Filter>
    </ClCompile>
    <ClCompile Include="rvalue_ref\ObjectFactory.cpp">
      <Filter>rvalue_ref</Filter>
    </ClCompile>
    <ClCompile Include="main.cpp">
      <Filter>Source Files</Filter>
    </ClCompile>
    <ClCompile Include="rvalue_ref\RValueRefFixture.cpp">
      <Filter>rvalue_ref</Filter>
    </ClCompile>
    <ClCompile Include="auto\AutoFixture.cpp">
      <Filter>auto</Filter>
    </ClCompile>
    <ClCompile Include="atomic\AtomicFixture.cpp">
      <Filter>atomic</Filter>
    </ClCompile>
    <ClCompile Include="uniform_init\UniformInitFixture.cpp">
      <Filter>uniform_init</Filter>
    </ClCompile>
  </ItemGroup>
</Project>